
Microsoft Visual Studio Solution File, Format Version 12.00
# Visual Studio Version 17
VisualStudioVersion = 17.2.32630.192
MinimumVisualStudioVersion = 10.0.40219.1
Project("{FAE04EC0-301F-11D3-BF4B-00C04F79EFBC}") = "ReceiptSaver", "ReceiptSaver\ReceiptSaver.csproj", "{B9B6BC0A-8A87-4F7D-8691-AA509A36689E}"
EndProject
Project("{FAE04EC0-301F-11D3-BF4B-00C04F79EFBC}") = "ProverkachekaSDK", "ProverkachekaSDK\ProverkachekaSDK.csproj", "{7CE72DD8-911E-4970-B1DA-7BF10DC5D8D2}"
EndProject
Global
	GlobalSection(SolutionConfigurationPlatforms) = preSolution
		Debug|Any CPU = Debug|Any CPU
		Release|Any CPU = Release|Any CPU
	EndGlobalSection
	GlobalSection(ProjectConfigurationPlatforms) = postSolution
		{B9B6BC0A-8A87-4F7D-8691-AA509A36689E}.Debug|Any CPU.ActiveCfg = Debug|Any CPU
		{B9B6BC0A-8A87-4F7D-8691-AA509A36689E}.Debug|Any CPU.Build.0 = Debug|Any CPU
		{B9B6BC0A-8A87-4F7D-8691-AA509A36689E}.Release|Any CPU.ActiveCfg = Release|Any CPU
		{B9B6BC0A-8A87-4F7D-8691-AA509A36689E}.Release|Any CPU.Build.0 = Release|Any CPU
		{7CE72DD8-911E-4970-B1DA-7BF10DC5D8D2}.Debug|Any CPU.ActiveCfg = Debug|Any CPU
		{7CE72DD8-911E-4970-B1DA-7BF10DC5D8D2}.Debug|Any CPU.Build.0 = Debug|Any CPU
		{7CE72DD8-911E-4970-B1DA-7BF10DC5D8D2}.Release|Any CPU.ActiveCfg = Release|Any CPU
		{7CE72DD8-911E-4970-B1DA-7BF10DC5D8D2}.Release|Any CPU.Build.0 = Release|Any CPU
	EndGlobalSection
	GlobalSection(SolutionProperties) = preSolution
		HideSolutionNode = FALSE
	EndGlobalSection
	GlobalSection(ExtensibilityGlobals) = postSolution
		SolutionGuid = {272E236A-E111-4FEF-AA66-FD86E8162F73}
	EndGlobalSection
EndGlobal
